schema: '2.0'
stages:
  train:
    cmd: uv run python src/train.py --data-path data/train_data.csv --model-path
      models/base_model.pkl
    deps:
    - path: data/train_data.csv
      hash: md5
      md5: b0ad71e8232f4781d9212ae148ad4198
      size: 74730
    - path: src/train.py
      hash: md5
      md5: eb78c03539f1621263b933a393c9bf17
      size: 1675
    outs:
    - path: models/base_model.pkl
      hash: md5
      md5: e929d925d4156d6d2c8c30a704b13fe9
      size: 699337
  generate_data:
    cmd: uv run python src/generate_train_data.py
    deps:
    - path: src/generate_train_data.py
      hash: md5
      md5: f904e96ca57766d5af383eb806aa3c8e
      size: 2745
    outs:
    - path: data/train_data.csv
      hash: md5
      md5: b0ad71e8232f4781d9212ae148ad4198
      size: 74730
  generate_drift:
    cmd: uv run python src/generate_drift_data.py
    deps:
    - path: src/generate_drift_data.py
      hash: md5
      md5: ab59cb8cefe6fb8ede1dc1fecb31ddbb
      size: 3121
    outs:
    - path: data/drift_data.csv
      hash: md5
      md5: 6737d96d0cc847c92790394ef37591d2
      size: 37259
  simulate_drift:
    cmd: uv run python src/simulate_request.py
    deps:
    - path: data/drift_data.csv
      hash: md5
      md5: 6737d96d0cc847c92790394ef37591d2
      size: 37259
    - path: src/api.py
      hash: md5
      md5: 9b292fd3cc2abbae39d097f8bdfabc8d
      size: 3427
    - path: src/simulate_request.py
      hash: md5
      md5: 0019da9a3f142e885a730f24141bedf7
      size: 1003
  monitor:
    cmd: uv run python src/monitor.py run --reference-path data/train_data.csv 
      --logs-path logs/inference_logs.csv --model-path models/base_model.pkl 
      --report-path reports/drift_report.html --metrics-path 
      reports/drift_metrics.json --decision-path reports/retrain_decision.json 
      --drift-threshold 0.3
    deps:
    - path: data/train_data.csv
      hash: md5
      md5: b0ad71e8232f4781d9212ae148ad4198
      size: 74730
    - path: logs/inference_logs.csv
      hash: md5
      md5: 2a49dec1bc500671cafc749ca04b9118
      size: 67280
    - path: models/base_model.pkl
      hash: md5
      md5: e929d925d4156d6d2c8c30a704b13fe9
      size: 699337
    - path: src/monitor.py
      hash: md5
      md5: b89ede3b7e23846a5f37de891b321ffd
      size: 10702
    outs:
    - path: reports/drift_metrics.json
      hash: md5
      md5: d78a4397f9d5650df95e6c6b28399738
      size: 132
    - path: reports/drift_report.html
      hash: md5
      md5: 0c412eb2aa1ff938ec8270b73c10a463
      size: 3998611
    - path: reports/retrain_decision.json
      hash: md5
      md5: d78a4397f9d5650df95e6c6b28399738
      size: 132
  prepare_retrain_data:
    cmd: uv run python src/monitor.py prepare-retrain-data --reference-path 
      data/train_data.csv --logs-path logs/inference_logs.csv --decision-path 
      reports/retrain_decision.json --output-path data/retrain_data.csv
    deps:
    - path: data/train_data.csv
      hash: md5
      md5: b0ad71e8232f4781d9212ae148ad4198
      size: 74730
    - path: logs/inference_logs.csv
      hash: md5
      md5: 2a49dec1bc500671cafc749ca04b9118
      size: 67280
    - path: reports/retrain_decision.json
      hash: md5
      md5: d78a4397f9d5650df95e6c6b28399738
      size: 132
    - path: src/monitor.py
      hash: md5
      md5: b89ede3b7e23846a5f37de891b321ffd
      size: 10702
    outs:
    - path: data/retrain_data.csv
      hash: md5
      md5: 5691bf1b077baeb698726621e8133e2f
      size: 123910
  retrain:
    cmd: uv run python src/train.py --data-path data/retrain_data.csv 
      --model-path models/model.pkl
    deps:
    - path: data/retrain_data.csv
      hash: md5
      md5: 5691bf1b077baeb698726621e8133e2f
      size: 123910
    - path: src/train.py
      hash: md5
      md5: eb78c03539f1621263b933a393c9bf17
      size: 1675
    outs:
    - path: models/model.pkl
      hash: md5
      md5: 1b3a103a147f7f38444bfe8590e2740b
      size: 2592937
